
Microsoft Visual Studio Solution File, Format Version 12.00
Project("{FAE04EC0-301F-11D3-BF4B-00C04F79EFBC}") = "MicroservicesAPI.Python", "MicroservicesAPI.Python\MicroservicesAPI.Python.csproj", "{10BFD746-7145-458B-A033-37796CA30B69}"
EndProject
Project("{FAE04EC0-301F-11D3-BF4B-00C04F79EFBC}") = "MicroservicesAPI.JavaScript", "MicroservicesAPI.JavaScript\MicroservicesAPI.JavaScript.csproj", "{316776D6-D833-4EDC-A353-D6E1809DE8E6}"
EndProject
Project("{FAE04EC0-301F-11D3-BF4B-00C04F79EFBC}") = "MicroservicesAPI.ApiGateway", "MicroservicesAPI.ApiGateway\MicroservicesAPI.ApiGateway.csproj", "{C230ED5F-99BA-49A0-8C33-2CC0214D6A34}"
EndProject
Project("{FAE04EC0-301F-11D3-BF4B-00C04F79EFBC}") = "MicroservicesAPI.Shared", "MicroservicesAPI.Shared\MicroservicesAPI.Shared.csproj", "{51EFC2A4-52F3-42B5-A75E-1F43FEC0152C}"
EndProject
Project("{FAE04EC0-301F-11D3-BF4B-00C04F79EFBC}") = "MicroservicesAPI.TaskProvider", "MicroservicesAPI.TaskProvider\MicroservicesAPI.TaskProvider.csproj", "{80F12237-59D4-473F-8FB8-1C535B18DB7A}"
EndProject
Project("{2150E333-8FDC-42A3-9474-1A3956D46DE8}") = "Solution Items", "Solution Items", "{2FCFACF1-9A64-45EF-A77D-7BC32E4FE8EE}"
	ProjectSection(SolutionItems) = preProject
		docker-compose.yml = docker-compose.yml
	EndProjectSection
EndProject
Global
	GlobalSection(SolutionConfigurationPlatforms) = preSolution
		Debug|Any CPU = Debug|Any CPU
		Release|Any CPU = Release|Any CPU
	EndGlobalSection
	GlobalSection(ProjectConfigurationPlatforms) = postSolution
		{10BFD746-7145-458B-A033-37796CA30B69}.Debug|Any CPU.ActiveCfg = Debug|Any CPU
		{10BFD746-7145-458B-A033-37796CA30B69}.Debug|Any CPU.Build.0 = Debug|Any CPU
		{10BFD746-7145-458B-A033-37796CA30B69}.Release|Any CPU.ActiveCfg = Release|Any CPU
		{10BFD746-7145-458B-A033-37796CA30B69}.Release|Any CPU.Build.0 = Release|Any CPU
		{316776D6-D833-4EDC-A353-D6E1809DE8E6}.Debug|Any CPU.ActiveCfg = Debug|Any CPU
		{316776D6-D833-4EDC-A353-D6E1809DE8E6}.Debug|Any CPU.Build.0 = Debug|Any CPU
		{316776D6-D833-4EDC-A353-D6E1809DE8E6}.Release|Any CPU.ActiveCfg = Release|Any CPU
		{316776D6-D833-4EDC-A353-D6E1809DE8E6}.Release|Any CPU.Build.0 = Release|Any CPU
		{C230ED5F-99BA-49A0-8C33-2CC0214D6A34}.Debug|Any CPU.ActiveCfg = Debug|Any CPU
		{C230ED5F-99BA-49A0-8C33-2CC0214D6A34}.Debug|Any CPU.Build.0 = Debug|Any CPU
		{C230ED5F-99BA-49A0-8C33-2CC0214D6A34}.Release|Any CPU.ActiveCfg = Release|Any CPU
		{C230ED5F-99BA-49A0-8C33-2CC0214D6A34}.Release|Any CPU.Build.0 = Release|Any CPU
		{51EFC2A4-52F3-42B5-A75E-1F43FEC0152C}.Debug|Any CPU.ActiveCfg = Debug|Any CPU
		{51EFC2A4-52F3-42B5-A75E-1F43FEC0152C}.Debug|Any CPU.Build.0 = Debug|Any CPU
		{51EFC2A4-52F3-42B5-A75E-1F43FEC0152C}.Release|Any CPU.ActiveCfg = Release|Any CPU
		{51EFC2A4-52F3-42B5-A75E-1F43FEC0152C}.Release|Any CPU.Build.0 = Release|Any CPU
		{80F12237-59D4-473F-8FB8-1C535B18DB7A}.Debug|Any CPU.ActiveCfg = Debug|Any CPU
		{80F12237-59D4-473F-8FB8-1C535B18DB7A}.Debug|Any CPU.Build.0 = Debug|Any CPU
		{80F12237-59D4-473F-8FB8-1C535B18DB7A}.Release|Any CPU.ActiveCfg = Release|Any CPU
		{80F12237-59D4-473F-8FB8-1C535B18DB7A}.Release|Any CPU.Build.0 = Release|Any CPU
	EndGlobalSection
EndGlobal
